
Microsoft Visual Studio Solution File, Format Version 12.00
# Visual Studio Version 16
VisualStudioVersion = 16.0.30717.126
MinimumVisualStudioVersion = 10.0.40219.1
Project("{FAE04EC0-301F-11D3-BF4B-00C04F79EFBC}") = "TipDonusumleri", "TipDonusumleri\TipDonusumleri.csproj", "{AD667102-9A64-403B-BF4B-63E92E7B5C23}"
EndProject
Global
	GlobalSection(SolutionConfigurationPlatforms) = preSolution
		Debug|Any CPU = Debug|Any CPU
		Release|Any CPU = Release|Any CPU
	EndGlobalSection
	GlobalSection(ProjectConfigurationPlatforms) = postSolution
		{AD667102-9A64-403B-BF4B-63E92E7B5C23}.Debug|Any CPU.ActiveCfg = Debug|Any CPU
		{AD667102-9A64-403B-BF4B-63E92E7B5C23}.Debug|Any CPU.Build.0 = Debug|Any CPU
		{AD667102-9A64-403B-BF4B-63E92E7B5C23}.Release|Any CPU.ActiveCfg = Release|Any CPU
		{AD667102-9A64-403B-BF4B-63E92E7B5C23}.Release|Any CPU.Build.0 = Release|Any CPU
	EndGlobalSection
	GlobalSection(SolutionProperties) = preSolution
		HideSolutionNode = FALSE
	EndGlobalSection
	GlobalSection(ExtensibilityGlobals) = postSolution
		SolutionGuid = {06CAF31F-A6F2-4BD8-A9F8-9C3C42F36D60}
	EndGlobalSection
EndGlobal
